
Microsoft Visual Studio Solution File, Format Version 12.00
# Visual Studio Version 16
VisualStudioVersion = 16.0.30225.117
MinimumVisualStudioVersion = 10.0.40219.1
Project("{9A19103F-16F7-4668-BE54-9A1E7A4F7556}") = "Staff", "Staff\Staff.csproj", "{695A6E07-4689-4C11-A90D-F64DD74A05D1}"
EndProject
Project("{9A19103F-16F7-4668-BE54-9A1E7A4F7556}") = "StaffLibrary", "StaffLibrary\StaffLibrary.csproj", "{9E0C5F63-0A0B-45E0-AC34-21ACCE0FE920}"
EndProject
Project("{00D1A9C2-B5F0-4AF3-8072-F6C62B433612}") = "StaffDatabase", "StaffDatabase\StaffDatabase.sqlproj", "{11D7BD24-C609-442F-9723-1C02E6F6F34B}"
EndProject
Project("{FAE04EC0-301F-11D3-BF4B-00C04F79EFBC}") = "StaffsAPI", "StaffsAPI\StaffsAPI.csproj", "{48825027-DD1F-4B8D-9A11-738C9BF140DA}"
EndProject
Global
	GlobalSection(SolutionConfigurationPlatforms) = preSolution
		Debug|Any CPU = Debug|Any CPU
		Release|Any CPU = Release|Any CPU
	EndGlobalSection
	GlobalSection(ProjectConfigurationPlatforms) = postSolution
		{695A6E07-4689-4C11-A90D-F64DD74A05D1}.Debug|Any CPU.ActiveCfg = Debug|Any CPU
		{695A6E07-4689-4C11-A90D-F64DD74A05D1}.Debug|Any CPU.Build.0 = Debug|Any CPU
		{695A6E07-4689-4C11-A90D-F64DD74A05D1}.Release|Any CPU.ActiveCfg = Release|Any CPU
		{695A6E07-4689-4C11-A90D-F64DD74A05D1}.Release|Any CPU.Build.0 = Release|Any CPU
		{9E0C5F63-0A0B-45E0-AC34-21ACCE0FE920}.Debug|Any CPU.ActiveCfg = Debug|Any CPU
		{9E0C5F63-0A0B-45E0-AC34-21ACCE0FE920}.Debug|Any CPU.Build.0 = Debug|Any CPU
		{9E0C5F63-0A0B-45E0-AC34-21ACCE0FE920}.Release|Any CPU.ActiveCfg = Release|Any CPU
		{9E0C5F63-0A0B-45E0-AC34-21ACCE0FE920}.Release|Any CPU.Build.0 = Release|Any CPU
		{11D7BD24-C609-442F-9723-1C02E6F6F34B}.Debug|Any CPU.ActiveCfg = Debug|Any CPU
		{11D7BD24-C609-442F-9723-1C02E6F6F34B}.Debug|Any CPU.Build.0 = Debug|Any CPU
		{11D7BD24-C609-442F-9723-1C02E6F6F34B}.Debug|Any CPU.Deploy.0 = Debug|Any CPU
		{11D7BD24-C609-442F-9723-1C02E6F6F34B}.Release|Any CPU.ActiveCfg = Release|Any CPU
		{11D7BD24-C609-442F-9723-1C02E6F6F34B}.Release|Any CPU.Build.0 = Release|Any CPU
		{11D7BD24-C609-442F-9723-1C02E6F6F34B}.Release|Any CPU.Deploy.0 = Release|Any CPU
		{48825027-DD1F-4B8D-9A11-738C9BF140DA}.Debug|Any CPU.ActiveCfg = Debug|Any CPU
		{48825027-DD1F-4B8D-9A11-738C9BF140DA}.Debug|Any CPU.Build.0 = Debug|Any CPU
		{48825027-DD1F-4B8D-9A11-738C9BF140DA}.Release|Any CPU.ActiveCfg = Release|Any CPU
		{48825027-DD1F-4B8D-9A11-738C9BF140DA}.Release|Any CPU.Build.0 = Release|Any CPU
	EndGlobalSection
	GlobalSection(SolutionProperties) = preSolution
		HideSolutionNode = FALSE
	EndGlobalSection
	GlobalSection(ExtensibilityGlobals) = postSolution
		SolutionGuid = {7C421C69-4EA4-4EC0-A376-BC3FCFCF95D4}
	EndGlobalSection
EndGlobal
